
Microsoft Visual Studio Solution File, Format Version 12.00
# Visual Studio 15
VisualStudioVersion = 15.0.27703.2018
MinimumVisualStudioVersion = 10.0.40219.1
Project("{FAE04EC0-301F-11D3-BF4B-00C04F79EFBC}") = "CAAutomicLib", "CAAutomicLib\CAAutomicLib.csproj", "{665C328F-4605-46FD-BAAD-C2D5E5308A14}"
EndProject
Project("{FAE04EC0-301F-11D3-BF4B-00C04F79EFBC}") = "CAAutomicTests", "CAAutomicTests\CAAutomicTests.csproj", "{C4E70E1B-4CB8-4F17-997F-EF5B2BFAFF6E}"
EndProject
Global
	GlobalSection(SolutionConfigurationPlatforms) = preSolution
		Debug|Any CPU = Debug|Any CPU
		Release|Any CPU = Release|Any CPU
	EndGlobalSection
	GlobalSection(ProjectConfigurationPlatforms) = postSolution
		{665C328F-4605-46FD-BAAD-C2D5E5308A14}.Debug|Any CPU.ActiveCfg = Debug|Any CPU
		{665C328F-4605-46FD-BAAD-C2D5E5308A14}.Debug|Any CPU.Build.0 = Debug|Any CPU
		{665C328F-4605-46FD-BAAD-C2D5E5308A14}.Release|Any CPU.ActiveCfg = Release|Any CPU
		{665C328F-4605-46FD-BAAD-C2D5E5308A14}.Release|Any CPU.Build.0 = Release|Any CPU
		{C4E70E1B-4CB8-4F17-997F-EF5B2BFAFF6E}.Debug|Any CPU.ActiveCfg = Debug|Any CPU
		{C4E70E1B-4CB8-4F17-997F-EF5B2BFAFF6E}.Debug|Any CPU.Build.0 = Debug|Any CPU
		{C4E70E1B-4CB8-4F17-997F-EF5B2BFAFF6E}.Release|Any CPU.ActiveCfg = Release|Any CPU
		{C4E70E1B-4CB8-4F17-997F-EF5B2BFAFF6E}.Release|Any CPU.Build.0 = Release|Any CPU
	EndGlobalSection
	GlobalSection(SolutionProperties) = preSolution
		HideSolutionNode = FALSE
	EndGlobalSection
	GlobalSection(ExtensibilityGlobals) = postSolution
		SolutionGuid = {88F143C5-B51E-4C8A-BB3F-12483D69385C}
	EndGlobalSection
EndGlobal
